
Microsoft Visual Studio Solution File, Format Version 12.00
# Visual Studio Version 17
VisualStudioVersion = 17.12.35527.113 d17.12
MinimumVisualStudioVersion = 10.0.40219.1
Project("{FAE04EC0-301F-11D3-BF4B-00C04F79EFBC}") = "BookShop.Api", "BookShop.Api\BookShop.Api.csproj", "{34761E72-8BE6-4F45-A929-B07D7E3E0DC9}"
EndProject
Project("{FAE04EC0-301F-11D3-BF4B-00C04F79EFBC}") = "BookShop.Data", "BookShop.Data\BookShop.Data.csproj", "{B8BF286F-8016-457A-8DEA-AF771C14B18C}"
EndProject
Project("{FAE04EC0-301F-11D3-BF4B-00C04F79EFBC}") = "BookShop.Infrastructure", "BookShop.Infrastructure\BookShop.Infrastructure.csproj", "{A727713A-6259-47EB-9431-D9D7B10DD58A}"
EndProject
Project("{FAE04EC0-301F-11D3-BF4B-00C04F79EFBC}") = "BookShop.Service", "BookShop.Service\BookShop.Service.csproj", "{DA04D7B7-5443-45DA-B667-FFB93D7F7B74}"
EndProject
Project("{FAE04EC0-301F-11D3-BF4B-00C04F79EFBC}") = "BookShop.Core", "BookShop.Core\BookShop.Core.csproj", "{9A24C8CF-02AC-4B97-B89F-25869E2D7587}"
EndProject
Global
	GlobalSection(SolutionConfigurationPlatforms) = preSolution
		Debug|Any CPU = Debug|Any CPU
		Release|Any CPU = Release|Any CPU
	EndGlobalSection
	GlobalSection(ProjectConfigurationPlatforms) = postSolution
		{34761E72-8BE6-4F45-A929-B07D7E3E0DC9}.Debug|Any CPU.ActiveCfg = Debug|Any CPU
		{34761E72-8BE6-4F45-A929-B07D7E3E0DC9}.Debug|Any CPU.Build.0 = Debug|Any CPU
		{34761E72-8BE6-4F45-A929-B07D7E3E0DC9}.Release|Any CPU.ActiveCfg = Release|Any CPU
		{34761E72-8BE6-4F45-A929-B07D7E3E0DC9}.Release|Any CPU.Build.0 = Release|Any CPU
		{B8BF286F-8016-457A-8DEA-AF771C14B18C}.Debug|Any CPU.ActiveCfg = Debug|Any CPU
		{B8BF286F-8016-457A-8DEA-AF771C14B18C}.Debug|Any CPU.Build.0 = Debug|Any CPU
		{B8BF286F-8016-457A-8DEA-AF771C14B18C}.Release|Any CPU.ActiveCfg = Release|Any CPU
		{B8BF286F-8016-457A-8DEA-AF771C14B18C}.Release|Any CPU.Build.0 = Release|Any CPU
		{A727713A-6259-47EB-9431-D9D7B10DD58A}.Debug|Any CPU.ActiveCfg = Debug|Any CPU
		{A727713A-6259-47EB-9431-D9D7B10DD58A}.Debug|Any CPU.Build.0 = Debug|Any CPU
		{A727713A-6259-47EB-9431-D9D7B10DD58A}.Release|Any CPU.ActiveCfg = Release|Any CPU
		{A727713A-6259-47EB-9431-D9D7B10DD58A}.Release|Any CPU.Build.0 = Release|Any CPU
		{DA04D7B7-5443-45DA-B667-FFB93D7F7B74}.Debug|Any CPU.ActiveCfg = Debug|Any CPU
		{DA04D7B7-5443-45DA-B667-FFB93D7F7B74}.Debug|Any CPU.Build.0 = Debug|Any CPU
		{DA04D7B7-5443-45DA-B667-FFB93D7F7B74}.Release|Any CPU.ActiveCfg = Release|Any CPU
		{DA04D7B7-5443-45DA-B667-FFB93D7F7B74}.Release|Any CPU.Build.0 = Release|Any CPU
		{9A24C8CF-02AC-4B97-B89F-25869E2D7587}.Debug|Any CPU.ActiveCfg = Debug|Any CPU
		{9A24C8CF-02AC-4B97-B89F-25869E2D7587}.Debug|Any CPU.Build.0 = Debug|Any CPU
		{9A24C8CF-02AC-4B97-B89F-25869E2D7587}.Release|Any CPU.ActiveCfg = Release|Any CPU
		{9A24C8CF-02AC-4B97-B89F-25869E2D7587}.Release|Any CPU.Build.0 = Release|Any CPU
	EndGlobalSection
	GlobalSection(SolutionProperties) = preSolution
		HideSolutionNode = FALSE
	EndGlobalSection
EndGlobal
